
Microsoft Visual Studio Solution File, Format Version 12.00
# Visual Studio Version 16
VisualStudioVersion = 16.0.31205.134
MinimumVisualStudioVersion = 10.0.40219.1
Project("{9A19103F-16F7-4668-BE54-9A1E7A4F7556}") = "SpaceHosting.Index", "SpaceHosting.Index\SpaceHosting.Index.csproj", "{0BAFEF56-FEB4-4640-9788-79F9645ADC1F}"
EndProject
Project("{9A19103F-16F7-4668-BE54-9A1E7A4F7556}") = "SpaceHosting.Index.Tests", "SpaceHosting.Index.Tests\SpaceHosting.Index.Tests.csproj", "{B0711E0B-A15F-4B36-BC8F-5A5E1127E40A}"
EndProject
Project("{9A19103F-16F7-4668-BE54-9A1E7A4F7556}") = "SpaceHosting.Index.Benchmarks", "SpaceHosting.Index.Benchmarks\SpaceHosting.Index.Benchmarks.csproj", "{7A9464E5-6950-4DF9-9FBB-74CC05014297}"
EndProject
Global
	GlobalSection(SolutionConfigurationPlatforms) = preSolution
		Debug|Any CPU = Debug|Any CPU
		Release|Any CPU = Release|Any CPU
	EndGlobalSection
	GlobalSection(ProjectConfigurationPlatforms) = postSolution
		{0BAFEF56-FEB4-4640-9788-79F9645ADC1F}.Debug|Any CPU.ActiveCfg = Debug|Any CPU
		{0BAFEF56-FEB4-4640-9788-79F9645ADC1F}.Debug|Any CPU.Build.0 = Debug|Any CPU
		{0BAFEF56-FEB4-4640-9788-79F9645ADC1F}.Release|Any CPU.ActiveCfg = Release|Any CPU
		{0BAFEF56-FEB4-4640-9788-79F9645ADC1F}.Release|Any CPU.Build.0 = Release|Any CPU
		{B0711E0B-A15F-4B36-BC8F-5A5E1127E40A}.Debug|Any CPU.ActiveCfg = Debug|Any CPU
		{B0711E0B-A15F-4B36-BC8F-5A5E1127E40A}.Debug|Any CPU.Build.0 = Debug|Any CPU
		{B0711E0B-A15F-4B36-BC8F-5A5E1127E40A}.Release|Any CPU.ActiveCfg = Release|Any CPU
		{B0711E0B-A15F-4B36-BC8F-5A5E1127E40A}.Release|Any CPU.Build.0 = Release|Any CPU
		{7A9464E5-6950-4DF9-9FBB-74CC05014297}.Debug|Any CPU.ActiveCfg = Debug|Any CPU
		{7A9464E5-6950-4DF9-9FBB-74CC05014297}.Debug|Any CPU.Build.0 = Debug|Any CPU
		{7A9464E5-6950-4DF9-9FBB-74CC05014297}.Release|Any CPU.ActiveCfg = Release|Any CPU
		{7A9464E5-6950-4DF9-9FBB-74CC05014297}.Release|Any CPU.Build.0 = Release|Any CPU
	EndGlobalSection
	GlobalSection(SolutionProperties) = preSolution
		HideSolutionNode = FALSE
	EndGlobalSection
	GlobalSection(ExtensibilityGlobals) = postSolution
		SolutionGuid = {D47682B7-5169-4654-A103-8B70A82D9AA7}
	EndGlobalSection
EndGlobal
